
Microsoft Visual Studio Solution File, Format Version 12.00
# Visual Studio Version 16
VisualStudioVersion = 16.0.29001.49
MinimumVisualStudioVersion = 10.0.40219.1
Project("{FAE04EC0-301F-11D3-BF4B-00C04F79EFBC}") = "webapitest", "webapitest.csproj", "{72987506-D6B8-4FB1-8EAA-399365A8F463}"
EndProject
Global
	GlobalSection(SolutionConfigurationPlatforms) = preSolution
		Debug|Any CPU = Debug|Any CPU
		Release|Any CPU = Release|Any CPU
	EndGlobalSection
	GlobalSection(ProjectConfigurationPlatforms) = postSolution
		{72987506-D6B8-4FB1-8EAA-399365A8F463}.Debug|Any CPU.ActiveCfg = Debug|Any CPU
		{72987506-D6B8-4FB1-8EAA-399365A8F463}.Debug|Any CPU.Build.0 = Debug|Any CPU
		{72987506-D6B8-4FB1-8EAA-399365A8F463}.Release|Any CPU.ActiveCfg = Release|Any CPU
		{72987506-D6B8-4FB1-8EAA-399365A8F463}.Release|Any CPU.Build.0 = Release|Any CPU
	EndGlobalSection
	GlobalSection(SolutionProperties) = preSolution
		HideSolutionNode = FALSE
	EndGlobalSection
	GlobalSection(ExtensibilityGlobals) = postSolution
		SolutionGuid = {C691575F-7231-41FC-97C6-0045D7E859ED}
	EndGlobalSection
EndGlobal
